
Microsoft Visual Studio Solution File, Format Version 12.00
# Visual Studio Version 17
VisualStudioVersion = 17.5.002.0
MinimumVisualStudioVersion = 10.0.40219.1
Project("{9A19103F-16F7-4668-BE54-9A1E7A4F7556}") = "Cweb01", "Cweb01.csproj", "{9658E017-7824-45D0-9157-AAC96F31EE07}"
EndProject
Global
	GlobalSection(SolutionConfigurationPlatforms) = preSolution
		Debug|Any CPU = Debug|Any CPU
		Release|Any CPU = Release|Any CPU
	EndGlobalSection
	GlobalSection(ProjectConfigurationPlatforms) = postSolution
		{9658E017-7824-45D0-9157-AAC96F31EE07}.Debug|Any CPU.ActiveCfg = Debug|Any CPU
		{9658E017-7824-45D0-9157-AAC96F31EE07}.Debug|Any CPU.Build.0 = Debug|Any CPU
		{9658E017-7824-45D0-9157-AAC96F31EE07}.Release|Any CPU.ActiveCfg = Release|Any CPU
		{9658E017-7824-45D0-9157-AAC96F31EE07}.Release|Any CPU.Build.0 = Release|Any CPU
	EndGlobalSection
	GlobalSection(SolutionProperties) = preSolution
		HideSolutionNode = FALSE
	EndGlobalSection
	GlobalSection(ExtensibilityGlobals) = postSolution
		SolutionGuid = {ED70FE02-B00C-4312-A8E4-201C6C0C905E}
	EndGlobalSection
EndGlobal
